{
  "name": "app",
  "version": "1.0.0",
  "lockfileVersion": 3,
  "requires": true,
  "packages": {
    "": {
      "dependencies": {
        "humbleicons": "^1.9.0",
        "openpgp": "^6.1.1"
      }
    },
    "node_modules/humbleicons": {
      "version": "1.15.0",
      "resolved": "https://registry.npmjs.org/humbleicons/-/humbleicons-1.15.0.tgz",
      "integrity": "sha512-D42DsRx59Tm4Fr049EU3qjccNXeyNbJLzzkcNVOwfQc74dFmbCIGU3LjVWg7i6+5FOEjrwix0exLHg1QIr712g==",
      "license": "MIT"
    },
    "node_modules/openpgp": {
      "version": "6.1.1",
      "resolved": "https://registry.npmjs.org/openpgp/-/openpgp-6.1.1.tgz",
      "integrity": "sha512-V/DXZ5AGCz3q4X8psUSc3q4SxnH/bfICaTSpNcla7wvBFhrxa9/ajm31rtMwZ1qj7Fu2oMpfX6ZcxKmTBlb6Yg==",
      "license": "LGPL-3.0+",
      "engines": {
        "node": ">= 18.0.0"
      }
    }
  }
}
